
Microsoft Visual Studio Solution File, Format Version 12.00
# Visual Studio Version 16
VisualStudioVersion = 16.0.31025.194
MinimumVisualStudioVersion = 10.0.40219.1
Project("{9A19103F-16F7-4668-BE54-9A1E7A4F7556}") = "EF Core", "EF Core.csproj", "{5F417560-8D48-4905-840A-E3A763FBE65E}"
EndProject
Project("{FAE04EC0-301F-11D3-BF4B-00C04F79EFBC}") = "EF Core DB First", "..\EF Core DB First\EF Core DB First.csproj", "{39723736-4CBC-4554-A9D0-FE412D42FC38}"
EndProject
Global
	GlobalSection(SolutionConfigurationPlatforms) = preSolution
		Debug|Any CPU = Debug|Any CPU
		Release|Any CPU = Release|Any CPU
	EndGlobalSection
	GlobalSection(ProjectConfigurationPlatforms) = postSolution
		{5F417560-8D48-4905-840A-E3A763FBE65E}.Debug|Any CPU.ActiveCfg = Debug|Any CPU
		{5F417560-8D48-4905-840A-E3A763FBE65E}.Debug|Any CPU.Build.0 = Debug|Any CPU
		{5F417560-8D48-4905-840A-E3A763FBE65E}.Release|Any CPU.ActiveCfg = Release|Any CPU
		{5F417560-8D48-4905-840A-E3A763FBE65E}.Release|Any CPU.Build.0 = Release|Any CPU
		{39723736-4CBC-4554-A9D0-FE412D42FC38}.Debug|Any CPU.ActiveCfg = Debug|Any CPU
		{39723736-4CBC-4554-A9D0-FE412D42FC38}.Debug|Any CPU.Build.0 = Debug|Any CPU
		{39723736-4CBC-4554-A9D0-FE412D42FC38}.Release|Any CPU.ActiveCfg = Release|Any CPU
		{39723736-4CBC-4554-A9D0-FE412D42FC38}.Release|Any CPU.Build.0 = Release|Any CPU
	EndGlobalSection
	GlobalSection(SolutionProperties) = preSolution
		HideSolutionNode = FALSE
	EndGlobalSection
	GlobalSection(ExtensibilityGlobals) = postSolution
		SolutionGuid = {8976849F-1413-46E4-9849-17B40DEEA94B}
	EndGlobalSection
EndGlobal
